<?xml version="1.0" encoding="utf-8"?>
<Project ToolsVersion="4.0" xmlns="http://schemas.microsoft.com/developer/msbuild/2003">
  <ItemGroup>
    <Filter Include="win32">
      <UniqueIdentifier>{84a8ebd7-7cf0-47f6-b75e-d441df67da40}</UniqueIdentifier>
    </Filter>
    <Filter Include="resource">
      <UniqueIdentifier>{715254bc-d70b-4ec5-bf29-467dd3ace079}</UniqueIdentifier>
    </Filter>
    <Filter Include="src">
      <UniqueIdentifier>{bb6c862e-70e9-49d9-81b7-3829a6f50471}</UniqueIdentifier>
    </Filter>
  </ItemGroup>
  <ItemGroup>
    <ClCompile Include="main.cpp">
      <Filter>win32</Filter>
    </ClCompile>
    <ClCompile Include="..\Classes\AppDelegate.cpp">
      <Filter>src</Filter>
    </ClCompile>
    <ClCompile Include="..\Classes\HelloWorldScene.cpp">
      <Filter>src</Filter>
    </ClCompile>
  </ItemGroup>
  <ItemGroup>
    <ClInclude Include="main.h">
      <Filter>win32</Filter>
    </ClInclude>
    <ClInclude Include="..\Classes\AppDelegate.h">
      <Filter>src</Filter>
    </ClInclude>
    <ClInclude Include="..\Classes\HelloWorldScene.h">
      <Filter>src</Filter>
    </ClInclude>
    <ClInclude Include="..\Classes\configs\loaders\LevelConfigLoader.h">
      <Filter>src</Filter>
    </ClInclude>
    <ClInclude Include="..\Classes\configs\models\LevelConfig.h">
      <Filter>src</Filter>
    </ClInclude>
    <ClInclude Include="..\Classes\controllers\GameController.h">
      <Filter>src</Filter>
    </ClInclude>
    <ClInclude Include="..\Classes\managers\UndoManager.h">
      <Filter>src</Filter>
    </ClInclude>
    <ClInclude Include="..\Classes\models\CardModel.h">
      <Filter>src</Filter>
    </ClInclude>
    <ClInclude Include="..\Classes\models\GameModel.h">
      <Filter>src</Filter>
    </ClInclude>
    <ClInclude Include="..\Classes\models\UndoModel.h">
      <Filter>src</Filter>
    </ClInclude>
    <ClInclude Include="..\Classes\scenes\GameScene.h">
      <Filter>src</Filter>
    </ClInclude>
    <ClInclude Include="..\Classes\services\GameModelFromLevelGenerator.h">
      <Filter>src</Filter>
    </ClInclude>
    <ClInclude Include="..\Classes\utils\GameUtils.h">
      <Filter>src</Filter>
    </ClInclude>
    <ClInclude Include="..\Classes\views\CardView.h">
      <Filter>src</Filter>
    </ClInclude>
    <ClInclude Include="..\Classes\views\GameView.h">
      <Filter>src</Filter>
    </ClInclude>
  </ItemGroup>
  <ItemGroup>
    <ResourceCompile Include="game.rc">
      <Filter>resource</Filter>
    </ResourceCompile>
  </ItemGroup>
  <ItemGroup>
    <Image Include="..\Resources\res\number\big_black_2.png">
      <Filter>resource</Filter>
    </Image>
    <Image Include="..\Resources\res\number\big_black_3.png">
      <Filter>resource</Filter>
    </Image>
    <Image Include="..\Resources\res\number\big_black_4.png">
      <Filter>resource</Filter>
    </Image>
    <Image Include="..\Resources\res\number\big_black_5.png">
      <Filter>resource</Filter>
    </Image>
    <Image Include="..\Resources\res\number\big_black_6.png">
      <Filter>resource</Filter>
    </Image>
    <Image Include="..\Resources\res\number\big_black_7.png">
      <Filter>resource</Filter>
    </Image>
    <Image Include="..\Resources\res\number\big_black_8.png">
      <Filter>resource</Filter>
    </Image>
    <Image Include="..\Resources\res\number\big_black_9.png">
      <Filter>resource</Filter>
    </Image>
    <Image Include="..\Resources\res\number\big_black_10.png">
      <Filter>resource</Filter>
    </Image>
    <Image Include="..\Resources\res\number\big_black_A.png">
      <Filter>resource</Filter>
    </Image>
    <Image Include="..\Resources\res\number\big_black_J.png">
      <Filter>resource</Filter>
    </Image>
    <Image Include="..\Resources\res\number\big_black_K.png">
      <Filter>resource</Filter>
    </Image>
    <Image Include="..\Resources\res\number\big_black_Q.png">
      <Filter>resource</Filter>
    </Image>
    <Image Include="..\Resources\res\number\big_red_2.png">
      <Filter>resource</Filter>
    </Image>
    <Image Include="..\Resources\res\number\big_red_3.png">
      <Filter>resource</Filter>
    </Image>
    <Image Include="..\Resources\res\number\big_red_4.png">
      <Filter>resource</Filter>
    </Image>
    <Image Include="..\Resources\res\number\big_red_5.png">
      <Filter>resource</Filter>
    </Image>
    <Image Include="..\Resources\res\number\big_red_6.png">
      <Filter>resource</Filter>
    </Image>
    <Image Include="..\Resources\res\number\big_red_7.png">
      <Filter>resource</Filter>
    </Image>
    <Image Include="..\Resources\res\number\big_red_8.png">
      <Filter>resource</Filter>
    </Image>
    <Image Include="..\Resources\res\number\big_red_9.png">
      <Filter>resource</Filter>
    </Image>
    <Image Include="..\Resources\res\number\big_red_10.png">
      <Filter>resource</Filter>
    </Image>
    <Image Include="..\Resources\res\number\big_red_A.png">
      <Filter>resource</Filter>
    </Image>
    <Image Include="..\Resources\res\number\big_red_J.png">
      <Filter>resource</Filter>
    </Image>
    <Image Include="..\Resources\res\number\big_red_K.png">
      <Filter>resource</Filter>
    </Image>
    <Image Include="..\Resources\res\number\big_red_Q.png">
      <Filter>resource</Filter>
    </Image>
    <Image Include="..\Resources\res\number\small_black_2.png">
      <Filter>resource</Filter>
    </Image>
    <Image Include="..\Resources\res\number\small_black_3.png">
      <Filter>resource</Filter>
    </Image>
    <Image Include="..\Resources\res\number\small_black_4.png">
      <Filter>resource</Filter>
    </Image>
    <Image Include="..\Resources\res\number\small_black_5.png">
      <Filter>resource</Filter>
    </Image>
    <Image Include="..\Resources\res\number\small_black_6.png">
      <Filter>resource</Filter>
    </Image>
    <Image Include="..\Resources\res\number\small_black_7.png">
      <Filter>resource</Filter>
    </Image>
    <Image Include="..\Resources\res\number\small_black_8.png">
      <Filter>resource</Filter>
    </Image>
    <Image Include="..\Resources\res\number\small_black_9.png">
      <Filter>resource</Filter>
    </Image>
    <Image Include="..\Resources\res\number\small_black_10.png">
      <Filter>resource</Filter>
    </Image>
    <Image Include="..\Resources\res\number\small_black_A.png">
      <Filter>resource</Filter>
    </Image>
    <Image Include="..\Resources\res\number\small_black_J.png">
      <Filter>resource</Filter>
    </Image>
    <Image Include="..\Resources\res\number\small_black_K.png">
      <Filter>resource</Filter>
    </Image>
    <Image Include="..\Resources\res\number\small_black_Q.png">
      <Filter>resource</Filter>
    </Image>
    <Image Include="..\Resources\res\number\small_red_2.png">
      <Filter>resource</Filter>
    </Image>
    <Image Include="..\Resources\res\number\small_red_3.png">
      <Filter>resource</Filter>
    </Image>
    <Image Include="..\Resources\res\number\small_red_4.png">
      <Filter>resource</Filter>
    </Image>
    <Image Include="..\Resources\res\number\small_red_5.png">
      <Filter>resource</Filter>
    </Image>
    <Image Include="..\Resources\res\number\small_red_6.png">
      <Filter>resource</Filter>
    </Image>
    <Image Include="..\Resources\res\number\small_red_7.png">
      <Filter>resource</Filter>
    </Image>
    <Image Include="..\Resources\res\number\small_red_8.png">
      <Filter>resource</Filter>
    </Image>
    <Image Include="..\Resources\res\number\small_red_9.png">
      <Filter>resource</Filter>
    </Image>
    <Image Include="..\Resources\res\number\small_red_10.png">
      <Filter>resource</Filter>
    </Image>
    <Image Include="..\Resources\res\number\small_red_A.png">
      <Filter>resource</Filter>
    </Image>
    <Image Include="..\Resources\res\number\small_red_J.png">
      <Filter>resource</Filter>
    </Image>
    <Image Include="..\Resources\res\number\small_red_K.png">
      <Filter>resource</Filter>
    </Image>
    <Image Include="..\Resources\res\number\small_red_Q.png">
      <Filter>resource</Filter>
    </Image>
    <Image Include="..\Resources\res\suits\club.png">
      <Filter>resource</Filter>
    </Image>
    <Image Include="..\Resources\res\suits\diamond.png">
      <Filter>resource</Filter>
    </Image>
    <Image Include="..\Resources\res\suits\heart.png">
      <Filter>resource</Filter>
    </Image>
    <Image Include="..\Resources\res\suits\spade.png">
      <Filter>resource</Filter>
    </Image>
    <Image Include="..\Resources\res\card_general.png">
      <Filter>resource</Filter>
    </Image>
  </ItemGroup>
</Project>